
Microsoft Visual Studio Solution File, Format Version 12.00
# Visual Studio Version 17
VisualStudioVersion = 17.7.34221.43
MinimumVisualStudioVersion = 10.0.40219.1
Project("{FAE04EC0-301F-11D3-BF4B-00C04F79EFBC}") = "Task14_1", "Task14_1\Task14_1.csproj", "{7010C816-6F84-484B-9A1E-5534D0540A14}"
EndProject
Global
	GlobalSection(SolutionConfigurationPlatforms) = preSolution
		Debug|Any CPU = Debug|Any CPU
		Release|Any CPU = Release|Any CPU
	EndGlobalSection
	GlobalSection(ProjectConfigurationPlatforms) = postSolution
		{7010C816-6F84-484B-9A1E-5534D0540A14}.Debug|Any CPU.ActiveCfg = Debug|Any CPU
		{7010C816-6F84-484B-9A1E-5534D0540A14}.Debug|Any CPU.Build.0 = Debug|Any CPU
		{7010C816-6F84-484B-9A1E-5534D0540A14}.Release|Any CPU.ActiveCfg = Release|Any CPU
		{7010C816-6F84-484B-9A1E-5534D0540A14}.Release|Any CPU.Build.0 = Release|Any CPU
	EndGlobalSection
	GlobalSection(SolutionProperties) = preSolution
		HideSolutionNode = FALSE
	EndGlobalSection
	GlobalSection(ExtensibilityGlobals) = postSolution
		SolutionGuid = {4D87C47D-4554-4053-9A3D-99DEF26912E5}
	EndGlobalSection
EndGlobal
